
Microsoft Visual Studio Solution File, Format Version 12.00
# Visual Studio Version 16
VisualStudioVersion = 16.0.31005.135
MinimumVisualStudioVersion = 10.0.40219.1
Project("{8BC9CEB8-8B4A-11D0-8D11-00A0C91BC942}") = "TChessGUI", "TChessGUI.vcxproj", "{DDB141A4-EA68-469E-8444-21648509B824}"
EndProject
Global
	GlobalSection(SolutionConfigurationPlatforms) = preSolution
		Debug|x64 = Debug|x64
		Debug|x86 = Debug|x86
		Release|x64 = Release|x64
		Release|x86 = Release|x86
	EndGlobalSection
	GlobalSection(ProjectConfigurationPlatforms) = postSolution
		{DDB141A4-EA68-469E-8444-21648509B824}.Debug|x64.ActiveCfg = Debug|x64
		{DDB141A4-EA68-469E-8444-21648509B824}.Debug|x64.Build.0 = Debug|x64
		{DDB141A4-EA68-469E-8444-21648509B824}.Debug|x86.ActiveCfg = Debug|Win32
		{DDB141A4-EA68-469E-8444-21648509B824}.Debug|x86.Build.0 = Debug|Win32
		{DDB141A4-EA68-469E-8444-21648509B824}.Release|x64.ActiveCfg = Release|x64
		{DDB141A4-EA68-469E-8444-21648509B824}.Release|x64.Build.0 = Release|x64
		{DDB141A4-EA68-469E-8444-21648509B824}.Release|x86.ActiveCfg = Release|Win32
		{DDB141A4-EA68-469E-8444-21648509B824}.Release|x86.Build.0 = Release|Win32
	EndGlobalSection
	GlobalSection(SolutionProperties) = preSolution
		HideSolutionNode = FALSE
	EndGlobalSection
	GlobalSection(ExtensibilityGlobals) = postSolution
		SolutionGuid = {0067E7DA-1473-4462-BBC7-28E208FC784B}
	EndGlobalSection
EndGlobal
