<?xml version="1.0" encoding="utf-8"?>
<Project ToolsVersion="4.0" xmlns="http://schemas.microsoft.com/developer/msbuild/2003">
  <ItemGroup>
    <Filter Include="Source Files">
      <UniqueIdentifier>{4FC737F1-C7A5-4376-A066-2A32D752A2FF}</UniqueIdentifier>
      <Extensions>cpp;c;cc;cxx;c++;cppm;ixx;def;odl;idl;hpj;bat;asm;asmx</Extensions>
    </Filter>
    <Filter Include="Header Files">
      <UniqueIdentifier>{93995380-89BD-4b04-88EB-625FBE52EBFB}</UniqueIdentifier>
      <Extensions>h;hh;hpp;hxx;h++;hm;inl;inc;ipp;xsd</Extensions>
    </Filter>
    <Filter Include="Resource Files">
      <UniqueIdentifier>{67DA6AB6-F800-4c08-8B7A-83BB121AAD01}</UniqueIdentifier>
      <Extensions>rc;ico;cur;bmp;dlg;rc2;rct;bin;rgs;gif;jpg;jpeg;jpe;resx;tiff;tif;png;wav;mfcribbon-ms</Extensions>
    </Filter>
  </ItemGroup>
  <ItemGroup>
    <ClInclude Include="TChessGUI.h">
      <Filter>Header Files</Filter>
    </ClInclude>
    <ClInclude Include="framework.h">
      <Filter>Header Files</Filter>
    </ClInclude>
    <ClInclude Include="targetver.h">
      <Filter>Header Files</Filter>
    </ClInclude>
    <ClInclude Include="MainFrm.h">
      <Filter>Header Files</Filter>
    </ClInclude>
    <ClInclude Include="TChessGUIDoc.h">
      <Filter>Header Files</Filter>
    </ClInclude>
    <ClInclude Include="TChessGUIView.h">
      <Filter>Header Files</Filter>
    </ClInclude>
    <ClInclude Include="Resource.h">
      <Filter>Header Files</Filter>
    </ClInclude>
    <ClInclude Include="pch.h">
      <Filter>Header Files</Filter>
    </ClInclude>
    <ClInclude Include="tchess\board\board.h">
      <Filter>Header Files</Filter>
    </ClInclude>
    <ClInclude Include="tchess\board\evaluation.h">
      <Filter>Header Files</Filter>
    </ClInclude>
    <ClInclude Include="tchess\board\move.h">
      <Filter>Header Files</Filter>
    </ClInclude>
    <ClInclude Include="tchess\engine\engine.h">
      <Filter>Header Files</Filter>
    </ClInclude>
    <ClInclude Include="tchess\engine\move_ordering.h">
      <Filter>Header Files</Filter>
    </ClInclude>
    <ClInclude Include="tchess\engine\polyglot.h">
      <Filter>Header Files</Filter>
    </ClInclude>
    <ClInclude Include="tchess\engine\transposition_table.h">
      <Filter>Header Files</Filter>
    </ClInclude>
    <ClInclude Include="tchess\game\game.h">
      <Filter>Header Files</Filter>
    </ClInclude>
    <ClInclude Include="tchess\game\player.h">
      <Filter>Header Files</Filter>
    </ClInclude>
    <ClInclude Include="tchess\greedy\greedy_player.h">
      <Filter>Header Files</Filter>
    </ClInclude>
    <ClInclude Include="tchess\random\random_player.h">
      <Filter>Header Files</Filter>
    </ClInclude>
    <ClInclude Include="TChessRootDialogView.h">
      <Filter>Header Files</Filter>
    </ClInclude>
    <ClInclude Include="PictureCtrl.h">
      <Filter>Header Files</Filter>
    </ClInclude>
    <ClInclude Include="tchess\image_utils.h">
      <Filter>Header Files</Filter>
    </ClInclude>
    <ClInclude Include="tchess\human\human_player_gui.h">
      <Filter>Header Files</Filter>
    </ClInclude>
    <ClInclude Include="TChessPromotionDialog.h">
      <Filter>Header Files</Filter>
    </ClInclude>
    <ClInclude Include="tchess\game\saved_game.h">
      <Filter>Header Files</Filter>
    </ClInclude>
  </ItemGroup>
  <ItemGroup>
    <ClCompile Include="TChessGUI.cpp">
      <Filter>Source Files</Filter>
    </ClCompile>
    <ClCompile Include="MainFrm.cpp">
      <Filter>Source Files</Filter>
    </ClCompile>
    <ClCompile Include="TChessGUIDoc.cpp">
      <Filter>Source Files</Filter>
    </ClCompile>
    <ClCompile Include="TChessGUIView.cpp">
      <Filter>Source Files</Filter>
    </ClCompile>
    <ClCompile Include="pch.cpp">
      <Filter>Source Files</Filter>
    </ClCompile>
    <ClCompile Include="tchess\board\board.cpp">
      <Filter>Source Files</Filter>
    </ClCompile>
    <ClCompile Include="tchess\board\evaluation.cpp">
      <Filter>Source Files</Filter>
    </ClCompile>
    <ClCompile Include="tchess\board\move.cpp">
      <Filter>Source Files</Filter>
    </ClCompile>
    <ClCompile Include="tchess\engine\engine.cpp">
      <Filter>Source Files</Filter>
    </ClCompile>
    <ClCompile Include="tchess\engine\move_ordering.cpp">
      <Filter>Source Files</Filter>
    </ClCompile>
    <ClCompile Include="tchess\engine\polyglot.cpp">
      <Filter>Source Files</Filter>
    </ClCompile>
    <ClCompile Include="tchess\engine\transposition_table.cpp">
      <Filter>Source Files</Filter>
    </ClCompile>
    <ClCompile Include="tchess\game\game.cpp">
      <Filter>Source Files</Filter>
    </ClCompile>
    <ClCompile Include="tchess\greedy\greedy_player.cpp">
      <Filter>Source Files</Filter>
    </ClCompile>
    <ClCompile Include="tchess\random\random_player.cpp">
      <Filter>Source Files</Filter>
    </ClCompile>
    <ClCompile Include="TChessRootDialogView.cpp">
      <Filter>Source Files</Filter>
    </ClCompile>
    <ClCompile Include="PictureCtrl.cpp">
      <Filter>Source Files</Filter>
    </ClCompile>
    <ClCompile Include="tchess\image_utils.cpp">
      <Filter>Source Files</Filter>
    </ClCompile>
    <ClCompile Include="tchess\human\human_player_gui.cpp">
      <Filter>Source Files</Filter>
    </ClCompile>
    <ClCompile Include="TChessPromotionDialog.cpp">
      <Filter>Source Files</Filter>
    </ClCompile>
    <ClCompile Include="tchess\game\saved_game.cpp">
      <Filter>Source Files</Filter>
    </ClCompile>
  </ItemGroup>
  <ItemGroup>
    <ResourceCompile Include="TChessGUI.rc">
      <Filter>Resource Files</Filter>
    </ResourceCompile>
  </ItemGroup>
  <ItemGroup>
    <None Include="res\TChessGUI.rc2">
      <Filter>Resource Files</Filter>
    </None>
  </ItemGroup>
  <ItemGroup>
    <Image Include="res\TChessGUIDoc.ico">
      <Filter>Resource Files</Filter>
    </Image>
    <Image Include="res\TChessGUI.ico">
      <Filter>Resource Files</Filter>
    </Image>
    <Image Include="..\TChess\res\tchess_icon.ico">
      <Filter>Resource Files</Filter>
    </Image>
    <Image Include="res\tchess_icon.ico">
      <Filter>Resource Files</Filter>
    </Image>
    <Image Include="res\dark_black_bishop.png">
      <Filter>Resource Files</Filter>
    </Image>
    <Image Include="res\dark_black_king.png">
      <Filter>Resource Files</Filter>
    </Image>
    <Image Include="res\dark_black_knight.png">
      <Filter>Resource Files</Filter>
    </Image>
    <Image Include="res\dark_black_pawn.png">
      <Filter>Resource Files</Filter>
    </Image>
    <Image Include="res\dark_black_queen.png">
      <Filter>Resource Files</Filter>
    </Image>
    <Image Include="res\dark_black_rook.png">
      <Filter>Resource Files</Filter>
    </Image>
    <Image Include="res\dark_white_bishop.png">
      <Filter>Resource Files</Filter>
    </Image>
    <Image Include="res\dark_white_king.png">
      <Filter>Resource Files</Filter>
    </Image>
    <Image Include="res\dark_white_knight.png">
      <Filter>Resource Files</Filter>
    </Image>
    <Image Include="res\dark_white_pawn.png">
      <Filter>Resource Files</Filter>
    </Image>
    <Image Include="res\dark_white_queen.png">
      <Filter>Resource Files</Filter>
    </Image>
    <Image Include="res\dark_white_rook.png">
      <Filter>Resource Files</Filter>
    </Image>
    <Image Include="res\light_black_bishop.png">
      <Filter>Resource Files</Filter>
    </Image>
    <Image Include="res\light_black_king.png">
      <Filter>Resource Files</Filter>
    </Image>
    <Image Include="res\light_black_knight.png">
      <Filter>Resource Files</Filter>
    </Image>
    <Image Include="res\light_black_pawn.png">
      <Filter>Resource Files</Filter>
    </Image>
    <Image Include="res\light_black_queen.png">
      <Filter>Resource Files</Filter>
    </Image>
    <Image Include="res\light_black_rook.png">
      <Filter>Resource Files</Filter>
    </Image>
    <Image Include="res\light_white_bishop.png">
      <Filter>Resource Files</Filter>
    </Image>
    <Image Include="res\light_white_king.png">
      <Filter>Resource Files</Filter>
    </Image>
    <Image Include="res\light_white_knight.png">
      <Filter>Resource Files</Filter>
    </Image>
    <Image Include="res\light_white_pawn.png">
      <Filter>Resource Files</Filter>
    </Image>
    <Image Include="res\light_white_queen.png">
      <Filter>Resource Files</Filter>
    </Image>
    <Image Include="res\light_white_rook.png">
      <Filter>Resource Files</Filter>
    </Image>
    <Image Include="res\dark_empty.png">
      <Filter>Resource Files</Filter>
    </Image>
    <Image Include="res\light_empty.png">
      <Filter>Resource Files</Filter>
    </Image>
  </ItemGroup>
</Project>